
Microsoft Visual Studio Solution File, Format Version 12.00
# Visual Studio 15
VisualStudioVersion = 15.0.28010.0
MinimumVisualStudioVersion = 10.0.40219.1
Project("{9A19103F-16F7-4668-BE54-9A1E7A4F7556}") = "basecs", "basecs.csproj", "{7B4097EC-D1BF-4BD2-BF66-B199E01BD49D}"
EndProject
Global
	GlobalSection(SolutionConfigurationPlatforms) = preSolution
		Debug|Any CPU = Debug|Any CPU
		Release|Any CPU = Release|Any CPU
	EndGlobalSection
	GlobalSection(ProjectConfigurationPlatforms) = postSolution
		{7B4097EC-D1BF-4BD2-BF66-B199E01BD49D}.Debug|Any CPU.ActiveCfg = Debug|Any CPU
		{7B4097EC-D1BF-4BD2-BF66-B199E01BD49D}.Debug|Any CPU.Build.0 = Debug|Any CPU
		{7B4097EC-D1BF-4BD2-BF66-B199E01BD49D}.Release|Any CPU.ActiveCfg = Release|Any CPU
		{7B4097EC-D1BF-4BD2-BF66-B199E01BD49D}.Release|Any CPU.Build.0 = Release|Any CPU
	EndGlobalSection
	GlobalSection(SolutionProperties) = preSolution
		HideSolutionNode = FALSE
	EndGlobalSection
	GlobalSection(ExtensibilityGlobals) = postSolution
		SolutionGuid = {B50DEA0F-60EC-4CB4-9DB7-7A91DED337E8}
	EndGlobalSection
EndGlobal
